
Microsoft Visual Studio Solution File, Format Version 12.00
# Visual Studio Version 17
VisualStudioVersion = 17.1.32414.318
MinimumVisualStudioVersion = 10.0.40219.1
Project("{FAE04EC0-301F-11D3-BF4B-00C04F79EFBC}") = "FirstMVCApp", "FirstMVCApp.csproj", "{68CA750D-0B6F-4684-8FA2-E9B3C44F9DAA}"
EndProject
Global
	GlobalSection(SolutionConfigurationPlatforms) = preSolution
		Debug|Any CPU = Debug|Any CPU
		Release|Any CPU = Release|Any CPU
	EndGlobalSection
	GlobalSection(ProjectConfigurationPlatforms) = postSolution
		{68CA750D-0B6F-4684-8FA2-E9B3C44F9DAA}.Debug|Any CPU.ActiveCfg = Debug|Any CPU
		{68CA750D-0B6F-4684-8FA2-E9B3C44F9DAA}.Debug|Any CPU.Build.0 = Debug|Any CPU
		{68CA750D-0B6F-4684-8FA2-E9B3C44F9DAA}.Release|Any CPU.ActiveCfg = Release|Any CPU
		{68CA750D-0B6F-4684-8FA2-E9B3C44F9DAA}.Release|Any CPU.Build.0 = Release|Any CPU
	EndGlobalSection
	GlobalSection(SolutionProperties) = preSolution
		HideSolutionNode = FALSE
	EndGlobalSection
	GlobalSection(ExtensibilityGlobals) = postSolution
		SolutionGuid = {6AB55E39-D173-4771-9A64-9EB9DC95FF2F}
	EndGlobalSection
EndGlobal
